
Microsoft Visual Studio Solution File, Format Version 12.00
# Visual Studio 15
VisualStudioVersion = 15.0.28010.2050
MinimumVisualStudioVersion = 10.0.40219.1
Project("{9A19103F-16F7-4668-BE54-9A1E7A4F7556}") = "EncuentraAtuMascota", "EncuentraAtuMascota.csproj", "{C43D8F28-2794-4DC0-9AD0-1F9B55D43989}"
EndProject
Global
	GlobalSection(SolutionConfigurationPlatforms) = preSolution
		Debug|Any CPU = Debug|Any CPU
		Release|Any CPU = Release|Any CPU
	EndGlobalSection
	GlobalSection(ProjectConfigurationPlatforms) = postSolution
		{C43D8F28-2794-4DC0-9AD0-1F9B55D43989}.Debug|Any CPU.ActiveCfg = Debug|Any CPU
		{C43D8F28-2794-4DC0-9AD0-1F9B55D43989}.Debug|Any CPU.Build.0 = Debug|Any CPU
		{C43D8F28-2794-4DC0-9AD0-1F9B55D43989}.Release|Any CPU.ActiveCfg = Release|Any CPU
		{C43D8F28-2794-4DC0-9AD0-1F9B55D43989}.Release|Any CPU.Build.0 = Release|Any CPU
	EndGlobalSection
	GlobalSection(SolutionProperties) = preSolution
		HideSolutionNode = FALSE
	EndGlobalSection
	GlobalSection(ExtensibilityGlobals) = postSolution
		SolutionGuid = {702F1166-F5C2-4310-AEEE-752BFB5B9C8A}
	EndGlobalSection
EndGlobal
